
Microsoft Visual Studio Solution File, Format Version 12.00
# Visual Studio Version 17
VisualStudioVersion = 17.14.36301.6
MinimumVisualStudioVersion = 10.0.40219.1
Project("{FAE04EC0-301F-11D3-BF4B-00C04F79EFBC}") = "Race.Shared.Utilities", "Race.Shared.Utilities\Race.Shared.Utilities.csproj", "{EB2B3182-4240-4E80-AB33-550F69F08827}"
EndProject
Global
	GlobalSection(SolutionConfigurationPlatforms) = preSolution
		Debug|Any CPU = Debug|Any CPU
		Release|Any CPU = Release|Any CPU
	EndGlobalSection
	GlobalSection(ProjectConfigurationPlatforms) = postSolution
		{EB2B3182-4240-4E80-AB33-550F69F08827}.Debug|Any CPU.ActiveCfg = Debug|Any CPU
		{EB2B3182-4240-4E80-AB33-550F69F08827}.Debug|Any CPU.Build.0 = Debug|Any CPU
		{EB2B3182-4240-4E80-AB33-550F69F08827}.Release|Any CPU.ActiveCfg = Release|Any CPU
		{EB2B3182-4240-4E80-AB33-550F69F08827}.Release|Any CPU.Build.0 = Release|Any CPU
	EndGlobalSection
	GlobalSection(SolutionProperties) = preSolution
		HideSolutionNode = FALSE
	EndGlobalSection
	GlobalSection(ExtensibilityGlobals) = postSolution
		SolutionGuid = {77106037-82DC-426D-9A3E-CBE835739F32}
	EndGlobalSection
EndGlobal
