
Microsoft Visual Studio Solution File, Format Version 12.00
# Visual Studio Version 17
VisualStudioVersion = 17.14.36301.6 d17.14
MinimumVisualStudioVersion = 10.0.40219.1
Project("{FAE04EC0-301F-11D3-BF4B-00C04F79EFBC}") = "Race.Shared.Utilities", "Race.Shared.Utilities.csproj", "{31C10A92-678C-4168-9E08-18FA7C6A5879}"
EndProject
Global
	GlobalSection(SolutionConfigurationPlatforms) = preSolution
		Debug|Any CPU = Debug|Any CPU
		Release|Any CPU = Release|Any CPU
	EndGlobalSection
	GlobalSection(ProjectConfigurationPlatforms) = postSolution
		{31C10A92-678C-4168-9E08-18FA7C6A5879}.Debug|Any CPU.ActiveCfg = Debug|Any CPU
		{31C10A92-678C-4168-9E08-18FA7C6A5879}.Debug|Any CPU.Build.0 = Debug|Any CPU
		{31C10A92-678C-4168-9E08-18FA7C6A5879}.Release|Any CPU.ActiveCfg = Release|Any CPU
		{31C10A92-678C-4168-9E08-18FA7C6A5879}.Release|Any CPU.Build.0 = Release|Any CPU
	EndGlobalSection
	GlobalSection(SolutionProperties) = preSolution
		HideSolutionNode = FALSE
	EndGlobalSection
	GlobalSection(ExtensibilityGlobals) = postSolution
		SolutionGuid = {E1C67FED-C16E-4805-B23F-2637C75E3386}
	EndGlobalSection
EndGlobal
